
Microsoft Visual Studio Solution File, Format Version 12.00
# Visual Studio Version 17
VisualStudioVersion = 17.5.002.0
MinimumVisualStudioVersion = 10.0.40219.1
Project("{2150E333-8FDC-42A3-9474-1A3956D46DE8}") = "PROJECT 1 C#", "PROJECT 1 C#", "{9A7E46EA-39E2-4A9A-90F4-D074C038CD17}"
EndProject
Project("{9A19103F-16F7-4668-BE54-9A1E7A4F7556}") = "code", "PROJECT 1 C#\code\code.csproj", "{9F0ED53F-1E64-496D-911F-0635D445CE63}"
EndProject
Global
	GlobalSection(SolutionConfigurationPlatforms) = preSolution
		Debug|Any CPU = Debug|Any CPU
		Release|Any CPU = Release|Any CPU
	EndGlobalSection
	GlobalSection(ProjectConfigurationPlatforms) = postSolution
		{9F0ED53F-1E64-496D-911F-0635D445CE63}.Debug|Any CPU.ActiveCfg = Debug|Any CPU
		{9F0ED53F-1E64-496D-911F-0635D445CE63}.Debug|Any CPU.Build.0 = Debug|Any CPU
		{9F0ED53F-1E64-496D-911F-0635D445CE63}.Release|Any CPU.ActiveCfg = Release|Any CPU
		{9F0ED53F-1E64-496D-911F-0635D445CE63}.Release|Any CPU.Build.0 = Release|Any CPU
	EndGlobalSection
	GlobalSection(SolutionProperties) = preSolution
		HideSolutionNode = FALSE
	EndGlobalSection
	GlobalSection(NestedProjects) = preSolution
		{9F0ED53F-1E64-496D-911F-0635D445CE63} = {9A7E46EA-39E2-4A9A-90F4-D074C038CD17}
	EndGlobalSection
	GlobalSection(ExtensibilityGlobals) = postSolution
		SolutionGuid = {8D40B82E-310B-4164-BE22-FEA92CBCC9E7}
	EndGlobalSection
EndGlobal
